
Microsoft Visual Studio Solution File, Format Version 12.00
# Visual Studio 2012
Project("{FAE04EC0-301F-11D3-BF4B-00C04F79EFBC}") = "code_12", "code_12\code_12.csproj", "{693C8082-C0CF-4A98-9DB3-60381D73B84C}"
EndProject
Global
	GlobalSection(SolutionConfigurationPlatforms) = preSolution
		Debug|Any CPU = Debug|Any CPU
		Release|Any CPU = Release|Any CPU
	EndGlobalSection
	GlobalSection(ProjectConfigurationPlatforms) = postSolution
		{693C8082-C0CF-4A98-9DB3-60381D73B84C}.Debug|Any CPU.ActiveCfg = Debug|Any CPU
		{693C8082-C0CF-4A98-9DB3-60381D73B84C}.Debug|Any CPU.Build.0 = Debug|Any CPU
		{693C8082-C0CF-4A98-9DB3-60381D73B84C}.Release|Any CPU.ActiveCfg = Release|Any CPU
		{693C8082-C0CF-4A98-9DB3-60381D73B84C}.Release|Any CPU.Build.0 = Release|Any CPU
	EndGlobalSection
EndGlobal
